%{
  "castore": {:hex, :castore, "0.1.16", "2675f717adc700475345c5512c381ef9273eb5df26bdd3f8c13e2636cf4cc175", [:mix], [], "hexpm", "28ed2c43d83b5c25d35c51bc0abf229ac51359c170cba76171a462ced2e4b651"},
  "connection": {:hex, :connection, "1.1.0", "ff2a49c4b75b6fb3e674bfc5536451607270aac754ffd1bdfe175abe4a6d7a68", [:mix], [], "hexpm", "722c1eb0a418fbe91ba7bd59a47e28008a189d47e37e0e7bb85585a016b2869c"},
  "cryptopunk": {:hex, :cryptopunk, "0.5.3", "806a7e42bcfeeaf82d45536adc649cd9437e225bf89b4e68ac1007ff0cb49256", [:mix], [{:ex_base58, "~> 0.3", [hex: :ex_base58, repo: "hexpm", optional: false]}, {:ex_bech32, "~> 0.2", [hex: :ex_bech32, repo: "hexpm", optional: false]}, {:ex_keccak, "~> 0.4", [hex: :ex_keccak, repo: "hexpm", optional: false]}, {:ex_pbkdf2, "~> 0.5", [hex: :ex_pbkdf2, repo: "hexpm", optional: false]}, {:ex_secp256k1, "~> 0.5", [hex: :ex_secp256k1, repo: "hexpm", optional: false]}, {:jason, "~> 1.3", [hex: :jason, repo: "hexpm", optional: false]}], "hexpm", "a6aca573190ce6b7d20e44a64518b828f8fd60b3148406a6220305bbe07a617a"},
  "db_connection": {:hex, :db_connection, "2.4.2", "f92e79aff2375299a16bcb069a14ee8615c3414863a6fef93156aee8e86c2ff3", [:mix], [{:connection, "~> 1.0", [hex: :connection, repo: "hexpm", optional: false]}, {:telemetry, "~> 0.4 or ~> 1.0", [hex: :telemetry, repo: "hexpm", optional: false]}], "hexpm", "4fe53ca91b99f55ea249693a0229356a08f4d1a7931d8ffa79289b145fe83668"},
  "decimal": {:hex, :decimal, "2.0.0", "a78296e617b0f5dd4c6caf57c714431347912ffb1d0842e998e9792b5642d697", [:mix], [], "hexpm", "34666e9c55dea81013e77d9d87370fe6cb6291d1ef32f46a1600230b1d44f577"},
  "ecto": {:hex, :ecto, "3.7.2", "44c034f88e1980754983cc4400585970b4206841f6f3780967a65a9150ef09a8", [:mix], [{:decimal, "~> 1.6 or ~> 2.0", [hex: :decimal, repo: "hexpm", optional: false]}, {:jason, "~> 1.0", [hex: :jason, repo: "hexpm", optional: true]}, {:telemetry, "~> 0.4 or ~> 1.0", [hex: :telemetry, repo: "hexpm", optional: false]}], "hexpm", "a600da5772d1c31abbf06f3e4a1ffb150e74ed3e2aa92ff3cee95901657a874e"},
  "ecto_sql": {:hex, :ecto_sql, "3.7.2", "55c60aa3a06168912abf145c6df38b0295c34118c3624cf7a6977cd6ce043081", [:mix], [{:db_connection, "~> 2.2", [hex: :db_connection, repo: "hexpm", optional: false]}, {:ecto, "~> 3.7.0", [hex: :ecto, repo: "hexpm", optional: false]}, {:myxql, "~> 0.4.0 or ~> 0.5.0 or ~> 0.6.0", [hex: :myxql, repo: "hexpm", optional: true]}, {:postgrex, "~> 0.15.0 or ~> 0.16.0 or ~> 1.0", [hex: :postgrex, repo: "hexpm", optional: true]}, {:tds, "~> 2.1.1 or ~> 2.2", [hex: :tds, repo: "hexpm", optional: true]}, {:telemetry, "~> 0.4.0 or ~> 1.0", [hex: :telemetry, repo: "hexpm", optional: false]}], "hexpm", "3c218ea62f305dcaef0b915fb56583195e7b91c91dcfb006ba1f669bfacbff2a"},
  "ex2ms": {:hex, :ex2ms, "1.6.1", "66d472eb14da43087c156e0396bac3cc7176b4f24590a251db53f84e9a0f5f72", [:mix], [], "hexpm", "a7192899d84af03823a8ec2f306fa858cbcce2c2e7fd0f1c49e05168fb9c740e"},
  "ex_base58": {:hex, :ex_base58, "0.3.0", "aa9530bde027fa40eeee763ae866db69e7bc4808d35ec68d3d12d0e310367092", [:mix], [{:rustler, "~> 0.24", [hex: :rustler, repo: "hexpm", optional: false]}], "hexpm", "69da858fdd90850e3f3a606c661ffd757cc0e627134a762fe0cc01886793990c"},
  "ex_bech32": {:hex, :ex_bech32, "0.2.0", "e0edcf01d54423cf87cce2c7bb3857a879d8e3c6ed68e03031e5e8bc3310001e", [:mix], [{:rustler, "~> 0.24", [hex: :rustler, repo: "hexpm", optional: false]}], "hexpm", "61c4f1f0c02230b99297ec62dd6dfa7a96d522f4cb157815b57022a08bd8fe06"},
  "ex_keccak": {:hex, :ex_keccak, "0.4.0", "4eb8620c8a20a546e2d297b5ce3de150a90db0fdc4ba1dd88c854ace9ee47603", [:mix], [{:rustler, "~> 0.24", [hex: :rustler, repo: "hexpm", optional: false]}], "hexpm", "209ec5591d3cf79f9bdcdedf39c3d7a1fb208321e2b6de2660801117ae386f10"},
  "ex_machina": {:hex, :ex_machina, "2.7.0", "b792cc3127fd0680fecdb6299235b4727a4944a09ff0fa904cc639272cd92dc7", [:mix], [{:ecto, "~> 2.2 or ~> 3.0", [hex: :ecto, repo: "hexpm", optional: true]}, {:ecto_sql, "~> 3.0", [hex: :ecto_sql, repo: "hexpm", optional: true]}], "hexpm", "419aa7a39bde11894c87a615c4ecaa52d8f107bbdd81d810465186f783245bf8"},
  "ex_pbkdf2": {:hex, :ex_pbkdf2, "0.5.1", "856a69543683ff3635b083507682e2c79cfeac67b0102c78540a25297ab8228c", [:mix], [{:rustler, "~> 0.24", [hex: :rustler, repo: "hexpm", optional: false]}], "hexpm", "190d786ffd1191e4e0c09089fffe8fdc9a0aaaaf821134b32ce8388d6a0c7eb1"},
  "ex_rated": {:hex, :ex_rated, "2.1.0", "d40e6fe35097b10222df2db7bb5dd801d57211bac65f29063de5f201c2a6aebc", [:mix], [{:ex2ms, "~> 1.5", [hex: :ex2ms, repo: "hexpm", optional: false]}], "hexpm", "936c155337253ed6474f06d941999dd3a9cf0fe767ec99a59f2d2989dc2cc13f"},
  "ex_secp256k1": {:hex, :ex_secp256k1, "0.5.0", "c8eeb9f7161eafbae642b66459aa02158724792e3576f77f4d4bf5ec8a1e641a", [:mix], [{:rustler, "~> 0.24", [hex: :rustler, repo: "hexpm", optional: false]}], "hexpm", "f6b0792acce53fa2fa3b7ae7acbce070c4d589e9dc9739543d58936da5fa45ce"},
  "finch": {:hex, :finch, "0.11.0", "622d31c224c801444c6003544fa1964a29551895b45c3543f6e4d8b0dab80f71", [:mix], [{:castore, "~> 0.1", [hex: :castore, repo: "hexpm", optional: false]}, {:mint, "~> 1.3", [hex: :mint, repo: "hexpm", optional: false]}, {:nimble_options, "~> 0.4.0", [hex: :nimble_options, repo: "hexpm", optional: false]}, {:nimble_pool, "~> 0.2.6", [hex: :nimble_pool, repo: "hexpm", optional: false]}, {:telemetry, "~> 0.4 or ~> 1.0", [hex: :telemetry, repo: "hexpm", optional: false]}], "hexpm", "047550448148d828ddea1fb76fa3f0d2d0742eca6919e548fdd8357630cae449"},
  "hpax": {:hex, :hpax, "0.1.1", "2396c313683ada39e98c20a75a82911592b47e5c24391363343bde74f82396ca", [:mix], [], "hexpm", "0ae7d5a0b04a8a60caf7a39fcf3ec476f35cc2cc16c05abea730d3ce6ac6c826"},
  "jason": {:hex, :jason, "1.3.0", "fa6b82a934feb176263ad2df0dbd91bf633d4a46ebfdffea0c8ae82953714946", [:mix], [{:decimal, "~> 1.0 or ~> 2.0", [hex: :decimal, repo: "hexpm", optional: true]}], "hexpm", "53fc1f51255390e0ec7e50f9cb41e751c260d065dcba2bf0d08dc51a4002c2ac"},
  "mint": {:hex, :mint, "1.4.1", "49b3b6ea35a9a38836d2ad745251b01ca9ec062f7cb66f546bf22e6699137126", [:mix], [{:castore, "~> 0.1.0", [hex: :castore, repo: "hexpm", optional: true]}, {:hpax, "~> 0.1.1", [hex: :hpax, repo: "hexpm", optional: false]}], "hexpm", "cd261766e61011a9079cccf8fa9d826e7a397c24fbedf0e11b49312bea629b58"},
  "mox": {:hex, :mox, "1.0.1", "b651bf0113265cda0ba3a827fcb691f848b683c373b77e7d7439910a8d754d6e", [:mix], [], "hexpm", "35bc0dea5499d18db4ef7fe4360067a59b06c74376eb6ab3bd67e6295b133469"},
  "nimble_options": {:hex, :nimble_options, "0.4.0", "c89babbab52221a24b8d1ff9e7d838be70f0d871be823165c94dd3418eea728f", [:mix], [], "hexpm", "e6701c1af326a11eea9634a3b1c62b475339ace9456c1a23ec3bc9a847bca02d"},
  "nimble_pool": {:hex, :nimble_pool, "0.2.6", "91f2f4c357da4c4a0a548286c84a3a28004f68f05609b4534526871a22053cde", [:mix], [], "hexpm", "1c715055095d3f2705c4e236c18b618420a35490da94149ff8b580a2144f653f"},
  "oban": {:hex, :oban, "2.11.3", "f431f2f0c251b8490a7fa00d2cce7197a1cf4d3f04a3305e80411f083392998f", [:mix], [{:ecto_sql, "~> 3.6", [hex: :ecto_sql, repo: "hexpm", optional: false]}, {:jason, "~> 1.1", [hex: :jason, repo: "hexpm", optional: false]}, {:postgrex, "~> 0.16", [hex: :postgrex, repo: "hexpm", optional: false]}, {:telemetry, "~> 0.4 or ~> 1.0", [hex: :telemetry, repo: "hexpm", optional: false]}], "hexpm", "26529da52bfca27740c984bfc70e7f954d6411ceeae0c7c94d2c8aa7c00b513d"},
  "postgrex": {:hex, :postgrex, "0.16.2", "0f83198d0e73a36e8d716b90f45f3bde75b5eebf4ade4f43fa1f88c90a812f74", [:mix], [{:connection, "~> 1.1", [hex: :connection, repo: "hexpm", optional: false]}, {:db_connection, "~> 2.1", [hex: :db_connection, repo: "hexpm", optional: false]}, {:decimal, "~> 1.5 or ~> 2.0", [hex: :decimal, repo: "hexpm", optional: false]}, {:jason, "~> 1.0", [hex: :jason, repo: "hexpm", optional: true]}], "hexpm", "a9ea589754d9d4d076121090662b7afe155b374897a6550eb288f11d755acfa0"},
  "rustler": {:hex, :rustler, "0.24.0", "b8362a2fee1c9d2c7373b0bfdc98f75bbc02864efcec50df173fe6c4f72d4cc4", [:mix], [{:jason, "~> 1.0", [hex: :jason, repo: "hexpm", optional: false]}, {:toml, "~> 0.6", [hex: :toml, repo: "hexpm", optional: false]}], "hexpm", "2773167fca68a6525822ad977b41368ea3c2af876c42ebaa7c9d6bb69b67f1ce"},
  "sage": {:hex, :sage, "0.6.1", "675661e98f2c8bcd260ffdefe2e752e75972aaabe8c48c50b9b8a70006b77f2d", [:mix], [], "hexpm", "6a743ac0921ecfe3c52a6ad164099a40f72420690fe5e6af023491f48bb94daf"},
  "telemetry": {:hex, :telemetry, "1.1.0", "a589817034a27eab11144ad24d5c0f9fab1f58173274b1e9bae7074af9cbee51", [:rebar3], [], "hexpm", "b727b2a1f75614774cff2d7565b64d0dfa5bd52ba517f16543e6fc7efcc0df48"},
  "toml": {:hex, :toml, "0.6.2", "38f445df384a17e5d382befe30e3489112a48d3ba4c459e543f748c2f25dd4d1", [:mix], [], "hexpm", "d013e45126d74c0c26a38d31f5e8e9b83ea19fc752470feb9a86071ca5a672fa"},
}
